
Microsoft Visual Studio Solution File, Format Version 12.00
# Visual Studio 15
VisualStudioVersion = 15.0.28010.2019
MinimumVisualStudioVersion = 10.0.40219.1
Project("{FAE04EC0-301F-11D3-BF4B-00C04F79EFBC}") = "EapMvc", "EapMvc\EapMvc.csproj", "{AFC45788-E470-4273-87A9-CE81AD64A524}"
EndProject
Global
	GlobalSection(SolutionConfigurationPlatforms) = preSolution
		Debug|Any CPU = Debug|Any CPU
		Release|Any CPU = Release|Any CPU
	EndGlobalSection
	GlobalSection(ProjectConfigurationPlatforms) = postSolution
		{AFC45788-E470-4273-87A9-CE81AD64A524}.Debug|Any CPU.ActiveCfg = Debug|Any CPU
		{AFC45788-E470-4273-87A9-CE81AD64A524}.Debug|Any CPU.Build.0 = Debug|Any CPU
		{AFC45788-E470-4273-87A9-CE81AD64A524}.Release|Any CPU.ActiveCfg = Release|Any CPU
		{AFC45788-E470-4273-87A9-CE81AD64A524}.Release|Any CPU.Build.0 = Release|Any CPU
	EndGlobalSection
	GlobalSection(SolutionProperties) = preSolution
		HideSolutionNode = FALSE
	EndGlobalSection
	GlobalSection(ExtensibilityGlobals) = postSolution
		SolutionGuid = {51A45D0A-E1B3-4433-8337-94C70484A80D}
	EndGlobalSection
EndGlobal
